
Microsoft Visual Studio Solution File, Format Version 12.00
# Visual Studio 15
VisualStudioVersion = 15.0.28307.136
MinimumVisualStudioVersion = 10.0.40219.1
Project("{FAE04EC0-301F-11D3-BF4B-00C04F79EFBC}") = "ConsumingWebAPIDemo", "ConsumingWebAPIDemo\ConsumingWebAPIDemo.csproj", "{65E75334-2525-4730-853B-E270DE2461BA}"
EndProject
Global
	GlobalSection(SolutionConfigurationPlatforms) = preSolution
		Debug|Any CPU = Debug|Any CPU
		Release|Any CPU = Release|Any CPU
	EndGlobalSection
	GlobalSection(ProjectConfigurationPlatforms) = postSolution
		{65E75334-2525-4730-853B-E270DE2461BA}.Debug|Any CPU.ActiveCfg = Debug|Any CPU
		{65E75334-2525-4730-853B-E270DE2461BA}.Debug|Any CPU.Build.0 = Debug|Any CPU
		{65E75334-2525-4730-853B-E270DE2461BA}.Release|Any CPU.ActiveCfg = Release|Any CPU
		{65E75334-2525-4730-853B-E270DE2461BA}.Release|Any CPU.Build.0 = Release|Any CPU
	EndGlobalSection
	GlobalSection(SolutionProperties) = preSolution
		HideSolutionNode = FALSE
	EndGlobalSection
	GlobalSection(ExtensibilityGlobals) = postSolution
		SolutionGuid = {EBE6A539-95A9-4748-B17B-54990159A9B0}
	EndGlobalSection
EndGlobal
